<?xml version="1.0" encoding="utf-8"?>
<Project ToolsVersion="15.0" xmlns="http://schemas.microsoft.com/developer/msbuild/2003">
  <ItemGroup>
    <ClCompile Include="A:\CosmoEngine\CosmoEngine\src\game\Main.cpp">
      <Filter>Source Files</Filter>
    </ClCompile>
    <ClCompile Include="A:\CosmoEngine\CosmoEngine\src\GameEngine\Camera.cpp">
      <Filter>Source Files</Filter>
    </ClCompile>
    <ClCompile Include="A:\CosmoEngine\CosmoEngine\src\GameEngine\DirectionalLight.cpp">
      <Filter>Source Files</Filter>
    </ClCompile>
    <ClCompile Include="A:\CosmoEngine\CosmoEngine\src\GameEngine\Light.cpp">
      <Filter>Source Files</Filter>
    </ClCompile>
    <ClCompile Include="A:\CosmoEngine\CosmoEngine\src\GameEngine\Material.cpp">
      <Filter>Source Files</Filter>
    </ClCompile>
    <ClCompile Include="A:\CosmoEngine\CosmoEngine\src\GameEngine\Mesh.cpp">
      <Filter>Source Files</Filter>
    </ClCompile>
    <ClCompile Include="A:\CosmoEngine\CosmoEngine\src\GameEngine\Model.cpp">
      <Filter>Source Files</Filter>
    </ClCompile>
    <ClCompile Include="A:\CosmoEngine\CosmoEngine\src\GameEngine\OmniShadowMap.cpp">
      <Filter>Source Files</Filter>
    </ClCompile>
    <ClCompile Include="A:\CosmoEngine\CosmoEngine\src\GameEngine\PointLight.cpp">
      <Filter>Source Files</Filter>
    </ClCompile>
    <ClCompile Include="A:\CosmoEngine\CosmoEngine\src\GameEngine\Shader.cpp">
      <Filter>Source Files</Filter>
    </ClCompile>
    <ClCompile Include="A:\CosmoEngine\CosmoEngine\src\GameEngine\ShadowMap.cpp">
      <Filter>Source Files</Filter>
    </ClCompile>
    <ClCompile Include="A:\CosmoEngine\CosmoEngine\src\GameEngine\Skybox.cpp">
      <Filter>Source Files</Filter>
    </ClCompile>
    <ClCompile Include="A:\CosmoEngine\CosmoEngine\src\GameEngine\SpotLight.cpp">
      <Filter>Source Files</Filter>
    </ClCompile>
    <ClCompile Include="A:\CosmoEngine\CosmoEngine\src\GameEngine\Texture.cpp">
      <Filter>Source Files</Filter>
    </ClCompile>
    <ClCompile Include="A:\CosmoEngine\CosmoEngine\src\GameEngine\Window.cpp">
      <Filter>Source Files</Filter>
    </ClCompile>
  </ItemGroup>
  <ItemGroup>
    <ClInclude Include="A:\CosmoEngine\CosmoEngine\src\GameEngine\Camera.h">
      <Filter>Header Files</Filter>
    </ClInclude>
    <ClInclude Include="A:\CosmoEngine\CosmoEngine\src\GameEngine\CommonValues.h">
      <Filter>Header Files</Filter>
    </ClInclude>
    <ClInclude Include="A:\CosmoEngine\CosmoEngine\src\GameEngine\DirectionalLight.h">
      <Filter>Header Files</Filter>
    </ClInclude>
    <ClInclude Include="A:\CosmoEngine\CosmoEngine\src\GameEngine\Light.h">
      <Filter>Header Files</Filter>
    </ClInclude>
    <ClInclude Include="A:\CosmoEngine\CosmoEngine\src\GameEngine\Material.h">
      <Filter>Header Files</Filter>
    </ClInclude>
    <ClInclude Include="A:\CosmoEngine\CosmoEngine\src\GameEngine\Mesh.h">
      <Filter>Header Files</Filter>
    </ClInclude>
    <ClInclude Include="A:\CosmoEngine\CosmoEngine\src\GameEngine\Model.h">
      <Filter>Header Files</Filter>
    </ClInclude>
    <ClInclude Include="A:\CosmoEngine\CosmoEngine\src\GameEngine\OmniShadowMap.h">
      <Filter>Header Files</Filter>
    </ClInclude>
    <ClInclude Include="A:\CosmoEngine\CosmoEngine\src\GameEngine\PointLight.h">
      <Filter>Header Files</Filter>
    </ClInclude>
    <ClInclude Include="A:\CosmoEngine\CosmoEngine\src\GameEngine\Shader.h">
      <Filter>Header Files</Filter>
    </ClInclude>
    <ClInclude Include="A:\CosmoEngine\CosmoEngine\src\GameEngine\ShadowMap.h">
      <Filter>Header Files</Filter>
    </ClInclude>
    <ClInclude Include="A:\CosmoEngine\CosmoEngine\src\GameEngine\Skybox.h">
      <Filter>Header Files</Filter>
    </ClInclude>
    <ClInclude Include="A:\CosmoEngine\CosmoEngine\src\GameEngine\SpotLight.h">
      <Filter>Header Files</Filter>
    </ClInclude>
    <ClInclude Include="A:\CosmoEngine\CosmoEngine\src\GameEngine\Texture.h">
      <Filter>Header Files</Filter>
    </ClInclude>
    <ClInclude Include="A:\CosmoEngine\CosmoEngine\src\GameEngine\Window.h">
      <Filter>Header Files</Filter>
    </ClInclude>
  </ItemGroup>
  <ItemGroup>
    <CustomBuild Include="A:\CosmoEngine\CosmoEngine\CMakeLists.txt" />
  </ItemGroup>
  <ItemGroup>
    <Filter Include="Header Files">
      <UniqueIdentifier>{4B1FB372-FA09-3557-969E-4FAE412F70FE}</UniqueIdentifier>
    </Filter>
    <Filter Include="Source Files">
      <UniqueIdentifier>{37D47B2D-8184-3EAB-9A8A-DC896B14945B}</UniqueIdentifier>
    </Filter>
  </ItemGroup>
</Project>
